// !$*UTF8*$!
{
	archiveVersion = 1;
	classes = {
	};
	objectVersion = 77;
	objects = {

/* Begin PBXContainerItemProxy section */
		37B465062CF16D4F005EFFFD /* PBXContainerItemProxy */ = {
			isa = PBXContainerItemProxy;
			containerPortal = 37B464EB2CF16D47005EFFFD /* Project object */;
			proxyType = 1;
			remoteGlobalIDString = 37B464F22CF16D47005EFFFD;
			remoteInfo = LibraryManagement;
		};
		37B465102CF16D4F005EFFFD /* PBXContainerItemProxy */ = {
			isa = PBXContainerItemProxy;
			containerPortal = 37B464EB2CF16D47005EFFFD /* Project object */;
			proxyType = 1;
			remoteGlobalIDString = 37B464F22CF16D47005EFFFD;
			remoteInfo = LibraryManagement;
		};
/* End PBXContainerItemProxy section */

/* Begin PBXFileReference section */
		37B464F32CF16D47005EFFFD /* LibraryManagement.app */ = {isa = PBXFileReference; explicitFileType = wrapper.application; includeInIndex = 0; path = LibraryManagement.app; sourceTree = BUILT_PRODUCTS_DIR; };
		37B465052CF16D4F005EFFFD /* LibraryManagementTests.xctest */ = {isa = PBXFileReference; explicitFileType = wrapper.cfbundle; includeInIndex = 0; path = LibraryManagementTests.xctest; sourceTree = BUILT_PRODUCTS_DIR; };
		37B4650F2CF16D4F005EFFFD /* LibraryManagementUITests.xctest */ = {isa = PBXFileReference; explicitFileType = wrapper.cfbundle; includeInIndex = 0; path = LibraryManagementUITests.xctest; sourceTree = BUILT_PRODUCTS_DIR; };
/* End PBXFileReference section */

/* Begin PBXFileSystemSynchronizedRootGroup section */
		37B464F52CF16D47005EFFFD /* LibraryManagement */ = {
			isa = PBXFileSystemSynchronizedRootGroup;
			path = LibraryManagement;
			sourceTree = "<group>";
		};
		37B465082CF16D4F005EFFFD /* LibraryManagementTests */ = {
			isa = PBXFileSystemSynchronizedRootGroup;
			path = LibraryManagementTests;
			sourceTree = "<group>";
		};
		37B465122CF16D4F005EFFFD /* LibraryManagementUITests */ = {
			isa = PBXFileSystemSynchronizedRootGroup;
			path = LibraryManagementUITests;
			sourceTree = "<group>";
		};
/* End PBXFileSystemSynchronizedRootGroup section */

/* Begin PBXFrameworksBuildPhase section */
		37B464F02CF16D47005EFFFD /* Frameworks */ = {
			isa = PBXFrameworksBuildPhase;
			buildActionMask = 2147483647;
			files = (
			);
			runOnlyForDeploymentPostprocessing = 0;
		};
		37B465022CF16D4F005EFFFD /* Frameworks */ = {
			isa = PBXFrameworksBuildPhase;
			buildActionMask = 2147483647;
			files = (
			);
			runOnlyForDeploymentPostprocessing = 0;
		};
		37B4650C2CF16D4F005EFFFD /* Frameworks */ = {
			isa = PBXFrameworksBuildPhase;
			buildActionMask = 2147483647;
			files = (
			);
			runOnlyForDeploymentPostprocessing = 0;
		};
/* End PBXFrameworksBuildPhase section */

/* Begin PBXGroup section */
		37B464EA2CF16D47005EFFFD = {
			isa = PBXGroup;
			children = (
				37B464F52CF16D47005EFFFD /* LibraryManagement */,
				37B465082CF16D4F005EFFFD /* LibraryManagementTests */,
				37B465122CF16D4F005EFFFD /* LibraryManagementUITests */,
				37B464F42CF16D47005EFFFD /* Products */,
			);
			sourceTree = "<group>";
		};
		37B464F42CF16D47005EFFFD /* Products */ = {
			isa = PBXGroup;
			children = (
				37B464F32CF16D47005EFFFD /* LibraryManagement.app */,
				37B465052CF16D4F005EFFFD /* LibraryManagementTests.xctest */,
				37B4650F2CF16D4F005EFFFD /* LibraryManagementUITests.xctest */,
			);
			name = Products;
			sourceTree = "<group>";
		};
/* End PBXGroup section */

/* Begin PBXNativeTarget section */
		37B464F22CF16D47005EFFFD /* LibraryManagement */ = {
			isa = PBXNativeTarget;
			buildConfigurationList = 37B465192CF16D4F005EFFFD /* Build configuration list for PBXNativeTarget "LibraryManagement" */;
			buildPhases = (
				37B464EF2CF16D47005EFFFD /* Sources */,
				37B464F02CF16D47005EFFFD /* Frameworks */,
				37B464F12CF16D47005EFFFD /* Resources */,
			);
			buildRules = (
			);
			dependencies = (
			);
			fileSystemSynchronizedGroups = (
				37B464F52CF16D47005EFFFD /* LibraryManagement */,
			);
			name = LibraryManagement;
			packageProductDependencies = (
			);
			productName = LibraryManagement;
			productReference = 37B464F32CF16D47005EFFFD /* LibraryManagement.app */;
			productType = "com.apple.product-type.application";
		};
		37B465042CF16D4F005EFFFD /* LibraryManagementTests */ = {
			isa = PBXNativeTarget;
			buildConfigurationList = 37B4651C2CF16D4F005EFFFD /* Build configuration list for PBXNativeTarget "LibraryManagementTests" */;
			buildPhases = (
				37B465012CF16D4F005EFFFD /* Sources */,
				37B465022CF16D4F005EFFFD /* Frameworks */,
				37B465032CF16D4F005EFFFD /* Resources */,
			);
			buildRules = (
			);
			dependencies = (
				37B465072CF16D4F005EFFFD /* PBXTargetDependency */,
			);
			fileSystemSynchronizedGroups = (
				37B465082CF16D4F005EFFFD /* LibraryManagementTests */,
			);
			name = LibraryManagementTests;
			packageProductDependencies = (
			);
			productName = LibraryManagementTests;
			productReference = 37B465052CF16D4F005EFFFD /* LibraryManagementTests.xctest */;
			productType = "com.apple.product-type.bundle.unit-test";
		};
		37B4650E2CF16D4F005EFFFD /* LibraryManagementUITests */ = {
			isa = PBXNativeTarget;
			buildConfigurationList = 37B4651F2CF16D4F005EFFFD /* Build configuration list for PBXNativeTarget "LibraryManagementUITests" */;
			buildPhases = (
				37B4650B2CF16D4F005EFFFD /* Sources */,
				37B4650C2CF16D4F005EFFFD /* Frameworks */,
				37B4650D2CF16D4F005EFFFD /* Resources */,
			);
			buildRules = (
			);
			dependencies = (
				37B465112CF16D4F005EFFFD /* PBXTargetDependency */,
			);
			fileSystemSynchronizedGroups = (
				37B465122CF16D4F005EFFFD /* LibraryManagementUITests */,
			);
			name = LibraryManagementUITests;
			packageProductDependencies = (
			);
			productName = LibraryManagementUITests;
			productReference = 37B4650F2CF16D4F005EFFFD /* LibraryManagementUITests.xctest */;
			productType = "com.apple.product-type.bundle.ui-testing";
		};
/* End PBXNativeTarget section */

/* Begin PBXProject section */
		37B464EB2CF16D47005EFFFD /* Project object */ = {
			isa = PBXProject;
			attributes = {
				BuildIndependentTargetsInParallel = 1;
				LastSwiftUpdateCheck = 1610;
				LastUpgradeCheck = 1610;
				TargetAttributes = {
					37B464F22CF16D47005EFFFD = {
						CreatedOnToolsVersion = 16.1;
					};
					37B465042CF16D4F005EFFFD = {
						CreatedOnToolsVersion = 16.1;
						TestTargetID = 37B464F22CF16D47005EFFFD;
					};
					37B4650E2CF16D4F005EFFFD = {
						CreatedOnToolsVersion = 16.1;
						TestTargetID = 37B464F22CF16D47005EFFFD;
					};
				};
			};
			buildConfigurationList = 37B464EE2CF16D47005EFFFD /* Build configuration list for PBXProject "LibraryManagement" */;
			developmentRegion = en;
			hasScannedForEncodings = 0;
			knownRegions = (
				en,
				Base,
			);
			mainGroup = 37B464EA2CF16D47005EFFFD;
			minimizedProjectReferenceProxies = 1;
			preferredProjectObjectVersion = 77;
			productRefGroup = 37B464F42CF16D47005EFFFD /* Products */;
			projectDirPath = "";
			projectRoot = "";
			targets = (
				37B464F22CF16D47005EFFFD /* LibraryManagement */,
				37B465042CF16D4F005EFFFD /* LibraryManagementTests */,
				37B4650E2CF16D4F005EFFFD /* LibraryManagementUITests */,
			);
		};
/* End PBXProject section */

/* Begin PBXResourcesBuildPhase section */
		37B464F12CF16D47005EFFFD /* Resources */ = {
			isa = PBXResourcesBuildPhase;
			buildActionMask = 2147483647;
			files = (
			);
			runOnlyForDeploymentPostprocessing = 0;
		};
		37B465032CF16D4F005EFFFD /* Resources */ = {
			isa = PBXResourcesBuildPhase;
			buildActionMask = 2147483647;
			files = (
			);
			runOnlyForDeploymentPostprocessing = 0;
		};
		37B4650D2CF16D4F005EFFFD /* Resources */ = {
			isa = PBXResourcesBuildPhase;
			buildActionMask = 2147483647;
			files = (
			);
			runOnlyForDeploymentPostprocessing = 0;
		};
/* End PBXResourcesBuildPhase section */

/* Begin PBXSourcesBuildPhase section */
		37B464EF2CF16D47005EFFFD /* Sources */ = {
			isa = PBXSourcesBuildPhase;
			buildActionMask = 2147483647;
			files = (
			);
			runOnlyForDeploymentPostprocessing = 0;
		};
		37B465012CF16D4F005EFFFD /* Sources */ = {
			isa = PBXSourcesBuildPhase;
			buildActionMask = 2147483647;
			files = (
			);
			runOnlyForDeploymentPostprocessing = 0;
		};
		37B4650B2CF16D4F005EFFFD /* Sources */ = {
			isa = PBXSourcesBuildPhase;
			buildActionMask = 2147483647;
			files = (
			);
			runOnlyForDeploymentPostprocessing = 0;
		};
/* End PBXSourcesBuildPhase section */

/* Begin PBXTargetDependency section */
		37B465072CF16D4F005EFFFD /* PBXTargetDependency */ = {
			isa = PBXTargetDependency;
			target = 37B464F22CF16D47005EFFFD /* LibraryManagement */;
			targetProxy = 37B465062CF16D4F005EFFFD /* PBXContainerItemProxy */;
		};
		37B465112CF16D4F005EFFFD /* PBXTargetDependency */ = {
			isa = PBXTargetDependency;
			target = 37B464F22CF16D47005EFFFD /* LibraryManagement */;
			targetProxy = 37B465102CF16D4F005EFFFD /* PBXContainerItemProxy */;
		};
/* End PBXTargetDependency section */

/* Begin XCBuildConfiguration section */
		37B465172CF16D4F005EFFFD /* Debug */ = {
			isa = XCBuildConfiguration;
			buildSettings = {
				ALWAYS_SEARCH_USER_PATHS = NO;
				ASSETCATALOG_COMPILER_GENERATE_SWIFT_ASSET_SYMBOL_EXTENSIONS = YES;
				CLANG_ANALYZER_NONNULL = YES;
				CLANG_ANALYZER_NUMBER_OBJECT_CONVERSION = YES_AGGRESSIVE;
				CLANG_CXX_LANGUAGE_STANDARD = "gnu++20";
				CLANG_ENABLE_MODULES = YES;
				CLANG_ENABLE_OBJC_ARC = YES;
				CLANG_ENABLE_OBJC_WEAK = YES;
				CLANG_WARN_BLOCK_CAPTURE_AUTORELEASING = YES;
				CLANG_WARN_BOOL_CONVERSION = YES;
				CLANG_WARN_COMMA = YES;
				CLANG_WARN_CONSTANT_CONVERSION = YES;
				CLANG_WARN_DEPRECATED_OBJC_IMPLEMENTATIONS = YES;
				CLANG_WARN_DIRECT_OBJC_ISA_USAGE = YES_ERROR;
				CLANG_WARN_DOCUMENTATION_COMMENTS = YES;
				CLANG_WARN_EMPTY_BODY = YES;
				CLANG_WARN_ENUM_CONVERSION = YES;
				CLANG_WARN_INFINITE_RECURSION = YES;
				CLANG_WARN_INT_CONVERSION = YES;
				CLANG_WARN_NON_LITERAL_NULL_CONVERSION = YES;
				CLANG_WARN_OBJC_IMPLICIT_RETAIN_SELF = YES;
				CLANG_WARN_OBJC_LITERAL_CONVERSION = YES;
				CLANG_WARN_OBJC_ROOT_CLASS = YES_ERROR;
				CLANG_WARN_QUOTED_INCLUDE_IN_FRAMEWORK_HEADER = YES;
				CLANG_WARN_RANGE_LOOP_ANALYSIS = YES;
				CLANG_WARN_STRICT_PROTOTYPES = YES;
				CLANG_WARN_SUSPICIOUS_MOVE = YES;
				CLANG_WARN_UNGUARDED_AVAILABILITY = YES_AGGRESSIVE;
				CLANG_WARN_UNREACHABLE_CODE = YES;
				CLANG_WARN__DUPLICATE_METHOD_MATCH = YES;
				COPY_PHASE_STRIP = NO;
				DEBUG_INFORMATION_FORMAT = dwarf;
				ENABLE_STRICT_OBJC_MSGSEND = YES;
				ENABLE_TESTABILITY = YES;
				ENABLE_USER_SCRIPT_SANDBOXING = YES;
				GCC_C_LANGUAGE_STANDARD = gnu17;
				GCC_DYNAMIC_NO_PIC = NO;
				GCC_NO_COMMON_BLOCKS = YES;
				GCC_OPTIMIZATION_LEVEL = 0;
				GCC_PREPROCESSOR_DEFINITIONS = (
					"DEBUG=1",
					"$(inherited)",
				);
				GCC_WARN_64_TO_32_BIT_CONVERSION = YES;
				GCC_WARN_ABOUT_RETURN_TYPE = YES_ERROR;
				GCC_WARN_UNDECLARED_SELECTOR = YES;
				GCC_WARN_UNINITIALIZED_AUTOS = YES_AGGRESSIVE;
				GCC_WARN_UNUSED_FUNCTION = YES;
				GCC_WARN_UNUSED_VARIABLE = YES;
				IPHONEOS_DEPLOYMENT_TARGET = 18.1;
				LOCALIZATION_PREFERS_STRING_CATALOGS = YES;
				MTL_ENABLE_DEBUG_INFO = INCLUDE_SOURCE;
				MTL_FAST_MATH = YES;
				ONLY_ACTIVE_ARCH = YES;
				SDKROOT = iphoneos;
				SWIFT_ACTIVE_COMPILATION_CONDITIONS = "DEBUG $(inherited)";
				SWIFT_OPTIMIZATION_LEVEL = "-Onone";
			};
			name = Debug;
		};
		37B465182CF16D4F005EFFFD /* Release */ = {
			isa = XCBuildConfiguration;
			buildSettings = {
				ALWAYS_SEARCH_USER_PATHS = NO;
				ASSETCATALOG_COMPILER_GENERATE_SWIFT_ASSET_SYMBOL_EXTENSIONS = YES;
				CLANG_ANALYZER_NONNULL = YES;
				CLANG_ANALYZER_NUMBER_OBJECT_CONVERSION = YES_AGGRESSIVE;
				CLANG_CXX_LANGUAGE_STANDARD = "gnu++20";
				CLANG_ENABLE_MODULES = YES;
				CLANG_ENABLE_OBJC_ARC = YES;
				CLANG_ENABLE_OBJC_WEAK = YES;
				CLANG_WARN_BLOCK_CAPTURE_AUTORELEASING = YES;
				CLANG_WARN_BOOL_CONVERSION = YES;
				CLANG_WARN_COMMA = YES;
				CLANG_WARN_CONSTANT_CONVERSION = YES;
				CLANG_WARN_DEPRECATED_OBJC_IMPLEMENTATIONS = YES;
				CLANG_WARN_DIRECT_OBJC_ISA_USAGE = YES_ERROR;
				CLANG_WARN_DOCUMENTATION_COMMENTS = YES;
				CLANG_WARN_EMPTY_BODY = YES;
				CLANG_WARN_ENUM_CONVERSION = YES;
				CLANG_WARN_INFINITE_RECURSION = YES;
				CLANG_WARN_INT_CONVERSION = YES;
				CLANG_WARN_NON_LITERAL_NULL_CONVERSION = YES;
				CLANG_WARN_OBJC_IMPLICIT_RETAIN_SELF = YES;
				CLANG_WARN_OBJC_LITERAL_CONVERSION = YES;
				CLANG_WARN_OBJC_ROOT_CLASS = YES_ERROR;
				CLANG_WARN_QUOTED_INCLUDE_IN_FRAMEWORK_HEADER = YES;
				CLANG_WARN_RANGE_LOOP_ANALYSIS = YES;
				CLANG_WARN_STRICT_PROTOTYPES = YES;
				CLANG_WARN_SUSPICIOUS_MOVE = YES;
				CLANG_WARN_UNGUARDED_AVAILABILITY = YES_AGGRESSIVE;
				CLANG_WARN_UNREACHABLE_CODE = YES;
				CLANG_WARN__DUPLICATE_METHOD_MATCH = YES;
				COPY_PHASE_STRIP = NO;
				DEBUG_INFORMATION_FORMAT = "dwarf-with-dsym";
				ENABLE_NS_ASSERTIONS = NO;
				ENABLE_STRICT_OBJC_MSGSEND = YES;
				ENABLE_USER_SCRIPT_SANDBOXING = YES;
				GCC_C_LANGUAGE_STANDARD = gnu17;
				GCC_NO_COMMON_BLOCKS = YES;
				GCC_WARN_64_TO_32_BIT_CONVERSION = YES;
				GCC_WARN_ABOUT_RETURN_TYPE = YES_ERROR;
				GCC_WARN_UNDECLARED_SELECTOR = YES;
				GCC_WARN_UNINITIALIZED_AUTOS = YES_AGGRESSIVE;
				GCC_WARN_UNUSED_FUNCTION = YES;
				GCC_WARN_UNUSED_VARIABLE = YES;
				IPHONEOS_DEPLOYMENT_TARGET = 18.1;
				LOCALIZATION_PREFERS_STRING_CATALOGS = YES;
				MTL_ENABLE_DEBUG_INFO = NO;
				MTL_FAST_MATH = YES;
				SDKROOT = iphoneos;
				SWIFT_COMPILATION_MODE = wholemodule;
				VALIDATE_PRODUCT = YES;
			};
			name = Release;
		};
		37B4651A2CF16D4F005EFFFD /* Debug */ = {
			isa = XCBuildConfiguration;
			buildSettings = {
				ASSETCATALOG_COMPILER_APPICON_NAME = AppIcon;
				ASSETCATALOG_COMPILER_GLOBAL_ACCENT_COLOR_NAME = AccentColor;
				CODE_SIGN_STYLE = Automatic;
				CURRENT_PROJECT_VERSION = 1;
				DEVELOPMENT_ASSET_PATHS = "\"LibraryManagement/Preview Content\"";
				DEVELOPMENT_TEAM = 7SU4KK4G7H;
				ENABLE_PREVIEWS = YES;
				GENERATE_INFOPLIST_FILE = YES;
				INFOPLIST_KEY_UIApplicationSceneManifest_Generation = YES;
				INFOPLIST_KEY_UIApplicationSupportsIndirectInputEvents = YES;
				INFOPLIST_KEY_UILaunchScreen_Generation = YES;
				INFOPLIST_KEY_UISupportedInterfaceOrientations_iPad = "UIInterfaceOrientationPortrait UIInterfaceOrientationPortraitUpsideDown UIInterfaceOrientationLandscapeLeft UIInterfaceOrientationLandscapeRight";
				INFOPLIST_KEY_UISupportedInterfaceOrientations_iPhone = "UIInterfaceOrientationPortrait UIInterfaceOrientationLandscapeLeft UIInterfaceOrientationLandscapeRight";
				LD_RUNPATH_SEARCH_PATHS = (
					"$(inherited)",
					"@executable_path/Frameworks",
				);
				MARKETING_VERSION = 1.0;
				PRODUCT_BUNDLE_IDENTIFIER = com.LibraryManagement;
				PRODUCT_NAME = "$(TARGET_NAME)";
				SWIFT_EMIT_LOC_STRINGS = YES;
				SWIFT_VERSION = 5.0;
				TARGETED_DEVICE_FAMILY = "1,2";
			};
			name = Debug;
		};
		37B4651B2CF16D4F005EFFFD /* Release */ = {
			isa = XCBuildConfiguration;
			buildSettings = {
				ASSETCATALOG_COMPILER_APPICON_NAME = AppIcon;
				ASSETCATALOG_COMPILER_GLOBAL_ACCENT_COLOR_NAME = AccentColor;
				CODE_SIGN_STYLE = Automatic;
				CURRENT_PROJECT_VERSION = 1;
				DEVELOPMENT_ASSET_PATHS = "\"LibraryManagement/Preview Content\"";
				DEVELOPMENT_TEAM = 7SU4KK4G7H;
				ENABLE_PREVIEWS = YES;
				GENERATE_INFOPLIST_FILE = YES;
				INFOPLIST_KEY_UIApplicationSceneManifest_Generation = YES;
				INFOPLIST_KEY_UIApplicationSupportsIndirectInputEvents = YES;
				INFOPLIST_KEY_UILaunchScreen_Generation = YES;
				INFOPLIST_KEY_UISupportedInterfaceOrientations_iPad = "UIInterfaceOrientationPortrait UIInterfaceOrientationPortraitUpsideDown UIInterfaceOrientationLandscapeLeft UIInterfaceOrientationLandscapeRight";
				INFOPLIST_KEY_UISupportedInterfaceOrientations_iPhone = "UIInterfaceOrientationPortrait UIInterfaceOrientationLandscapeLeft UIInterfaceOrientationLandscapeRight";
				LD_RUNPATH_SEARCH_PATHS = (
					"$(inherited)",
					"@executable_path/Frameworks",
				);
				MARKETING_VERSION = 1.0;
				PRODUCT_BUNDLE_IDENTIFIER = com.LibraryManagement;
				PRODUCT_NAME = "$(TARGET_NAME)";
				SWIFT_EMIT_LOC_STRINGS = YES;
				SWIFT_VERSION = 5.0;
				TARGETED_DEVICE_FAMILY = "1,2";
			};
			name = Release;
		};
		37B4651D2CF16D4F005EFFFD /* Debug */ = {
			isa = XCBuildConfiguration;
			buildSettings = {
				BUNDLE_LOADER = "$(TEST_HOST)";
				CODE_SIGN_STYLE = Automatic;
				CURRENT_PROJECT_VERSION = 1;
				DEVELOPMENT_TEAM = 7SU4KK4G7H;
				GENERATE_INFOPLIST_FILE = YES;
				IPHONEOS_DEPLOYMENT_TARGET = 18.1;
				MARKETING_VERSION = 1.0;
				PRODUCT_BUNDLE_IDENTIFIER = com.LibraryManagementTests;
				PRODUCT_NAME = "$(TARGET_NAME)";
				SWIFT_EMIT_LOC_STRINGS = NO;
				SWIFT_VERSION = 5.0;
				TARGETED_DEVICE_FAMILY = "1,2";
				TEST_HOST = "$(BUILT_PRODUCTS_DIR)/LibraryManagement.app/$(BUNDLE_EXECUTABLE_FOLDER_PATH)/LibraryManagement";
			};
			name = Debug;
		};
		37B4651E2CF16D4F005EFFFD /* Release */ = {
			isa = XCBuildConfiguration;
			buildSettings = {
				BUNDLE_LOADER = "$(TEST_HOST)";
				CODE_SIGN_STYLE = Automatic;
				CURRENT_PROJECT_VERSION = 1;
				DEVELOPMENT_TEAM = 7SU4KK4G7H;
				GENERATE_INFOPLIST_FILE = YES;
				IPHONEOS_DEPLOYMENT_TARGET = 18.1;
				MARKETING_VERSION = 1.0;
				PRODUCT_BUNDLE_IDENTIFIER = com.LibraryManagementTests;
				PRODUCT_NAME = "$(TARGET_NAME)";
				SWIFT_EMIT_LOC_STRINGS = NO;
				SWIFT_VERSION = 5.0;
				TARGETED_DEVICE_FAMILY = "1,2";
				TEST_HOST = "$(BUILT_PRODUCTS_DIR)/LibraryManagement.app/$(BUNDLE_EXECUTABLE_FOLDER_PATH)/LibraryManagement";
			};
			name = Release;
		};
		37B465202CF16D4F005EFFFD /* Debug */ = {
			isa = XCBuildConfiguration;
			buildSettings = {
				CODE_SIGN_STYLE = Automatic;
				CURRENT_PROJECT_VERSION = 1;
				DEVELOPMENT_TEAM = 7SU4KK4G7H;
				GENERATE_INFOPLIST_FILE = YES;
				MARKETING_VERSION = 1.0;
				PRODUCT_BUNDLE_IDENTIFIER = com.LibraryManagementUITests;
				PRODUCT_NAME = "$(TARGET_NAME)";
				SWIFT_EMIT_LOC_STRINGS = NO;
				SWIFT_VERSION = 5.0;
				TARGETED_DEVICE_FAMILY = "1,2";
				TEST_TARGET_NAME = LibraryManagement;
			};
			name = Debug;
		};
		37B465212CF16D4F005EFFFD /* Release */ = {
			isa = XCBuildConfiguration;
			buildSettings = {
				CODE_SIGN_STYLE = Automatic;
				CURRENT_PROJECT_VERSION = 1;
				DEVELOPMENT_TEAM = 7SU4KK4G7H;
				GENERATE_INFOPLIST_FILE = YES;
				MARKETING_VERSION = 1.0;
				PRODUCT_BUNDLE_IDENTIFIER = com.LibraryManagementUITests;
				PRODUCT_NAME = "$(TARGET_NAME)";
				SWIFT_EMIT_LOC_STRINGS = NO;
				SWIFT_VERSION = 5.0;
				TARGETED_DEVICE_FAMILY = "1,2";
				TEST_TARGET_NAME = LibraryManagement;
			};
			name = Release;
		};
/* End XCBuildConfiguration section */

/* Begin XCConfigurationList section */
		37B464EE2CF16D47005EFFFD /* Build configuration list for PBXProject "LibraryManagement" */ = {
			isa = XCConfigurationList;
			buildConfigurations = (
				37B465172CF16D4F005EFFFD /* Debug */,
				37B465182CF16D4F005EFFFD /* Release */,
			);
			defaultConfigurationIsVisible = 0;
			defaultConfigurationName = Release;
		};
		37B465192CF16D4F005EFFFD /* Build configuration list for PBXNativeTarget "LibraryManagement" */ = {
			isa = XCConfigurationList;
			buildConfigurations = (
				37B4651A2CF16D4F005EFFFD /* Debug */,
				37B4651B2CF16D4F005EFFFD /* Release */,
			);
			defaultConfigurationIsVisible = 0;
			defaultConfigurationName = Release;
		};
		37B4651C2CF16D4F005EFFFD /* Build configuration list for PBXNativeTarget "LibraryManagementTests" */ = {
			isa = XCConfigurationList;
			buildConfigurations = (
				37B4651D2CF16D4F005EFFFD /* Debug */,
				37B4651E2CF16D4F005EFFFD /* Release */,
			);
			defaultConfigurationIsVisible = 0;
			defaultConfigurationName = Release;
		};
		37B4651F2CF16D4F005EFFFD /* Build configuration list for PBXNativeTarget "LibraryManagementUITests" */ = {
			isa = XCConfigurationList;
			buildConfigurations = (
				37B465202CF16D4F005EFFFD /* Debug */,
				37B465212CF16D4F005EFFFD /* Release */,
			);
			defaultConfigurationIsVisible = 0;
			defaultConfigurationName = Release;
		};
/* End XCConfigurationList section */
	};
	rootObject = 37B464EB2CF16D47005EFFFD /* Project object */;
}
